// !$*UTF8*$!
{
	archiveVersion = 1;
	classes = {
	};
	objectVersion = 46;
	objects = {

/* Begin PBXBuildFile section */
		270E136F1E66B79C00F4E9D6 /* MMAlertTableView.m in Sources */ = {isa = PBXBuildFile; fileRef = 270E13601E66B79C00F4E9D6 /* MMAlertTableView.m */; };
		270E13701E66B79C00F4E9D6 /* MMAlertView.m in Sources */ = {isa = PBXBuildFile; fileRef = 270E13621E66B79C00F4E9D6 /* MMAlertView.m */; };
		270E13711E66B79C00F4E9D6 /* MMPopupCategory.m in Sources */ = {isa = PBXBuildFile; fileRef = 270E13641E66B79C00F4E9D6 /* MMPopupCategory.m */; };
		270E13721E66B79C00F4E9D6 /* MMPopupitem.m in Sources */ = {isa = PBXBuildFile; fileRef = 270E13671E66B79C00F4E9D6 /* MMPopupitem.m */; };
		270E13731E66B79C00F4E9D6 /* MMPopupView.m in Sources */ = {isa = PBXBuildFile; fileRef = 270E13691E66B79C00F4E9D6 /* MMPopupView.m */; };
		270E13741E66B79C00F4E9D6 /* MMPopupWindow.m in Sources */ = {isa = PBXBuildFile; fileRef = 270E136B1E66B79C00F4E9D6 /* MMPopupWindow.m */; };
		270E13751E66B79C00F4E9D6 /* MMSheetView.m in Sources */ = {isa = PBXBuildFile; fileRef = 270E136D1E66B79C00F4E9D6 /* MMSheetView.m */; };
		270E13761E66B79C00F4E9D6 /* README.md in Sources */ = {isa = PBXBuildFile; fileRef = 270E136E1E66B79C00F4E9D6 /* README.md */; };
		270E13911E66B92A00F4E9D6 /* MASCompositeConstraint.m in Sources */ = {isa = PBXBuildFile; fileRef = 270E13791E66B92A00F4E9D6 /* MASCompositeConstraint.m */; };
		270E13921E66B92A00F4E9D6 /* MASConstraint.m in Sources */ = {isa = PBXBuildFile; fileRef = 270E137C1E66B92A00F4E9D6 /* MASConstraint.m */; };
		270E13931E66B92A00F4E9D6 /* MASConstraintMaker.m in Sources */ = {isa = PBXBuildFile; fileRef = 270E137E1E66B92A00F4E9D6 /* MASConstraintMaker.m */; };
		270E13941E66B92A00F4E9D6 /* MASLayoutConstraint.m in Sources */ = {isa = PBXBuildFile; fileRef = 270E13801E66B92A00F4E9D6 /* MASLayoutConstraint.m */; };
		270E13951E66B92A00F4E9D6 /* MASViewAttribute.m in Sources */ = {isa = PBXBuildFile; fileRef = 270E13841E66B92A00F4E9D6 /* MASViewAttribute.m */; };
		270E13961E66B92A00F4E9D6 /* MASViewConstraint.m in Sources */ = {isa = PBXBuildFile; fileRef = 270E13861E66B92A00F4E9D6 /* MASViewConstraint.m */; };
		270E13971E66B92A00F4E9D6 /* NSArray+MASAdditions.m in Sources */ = {isa = PBXBuildFile; fileRef = 270E13881E66B92A00F4E9D6 /* NSArray+MASAdditions.m */; };
		270E13981E66B92A00F4E9D6 /* NSLayoutConstraint+MASDebugAdditions.m in Sources */ = {isa = PBXBuildFile; fileRef = 270E138B1E66B92A00F4E9D6 /* NSLayoutConstraint+MASDebugAdditions.m */; };
		270E13991E66B92A00F4E9D6 /* View+MASAdditions.m in Sources */ = {isa = PBXBuildFile; fileRef = 270E138D1E66B92A00F4E9D6 /* View+MASAdditions.m */; };
		270E139A1E66B92A00F4E9D6 /* ViewController+MASAdditions.m in Sources */ = {isa = PBXBuildFile; fileRef = 270E13901E66B92A00F4E9D6 /* ViewController+MASAdditions.m */; };
		270E139F1E690FE900F4E9D6 /* ViewControllerTests.m in Sources */ = {isa = PBXBuildFile; fileRef = 270E139E1E690FE900F4E9D6 /* ViewControllerTests.m */; };
		275DD5431D12E960001DB61D /* main.m in Sources */ = {isa = PBXBuildFile; fileRef = 275DD5421D12E960001DB61D /* main.m */; };
		275DD5461D12E960001DB61D /* AppDelegate.m in Sources */ = {isa = PBXBuildFile; fileRef = 275DD5451D12E960001DB61D /* AppDelegate.m */; };
		275DD5491D12E960001DB61D /* ViewController.m in Sources */ = {isa = PBXBuildFile; fileRef = 275DD5481D12E960001DB61D /* ViewController.m */; };
		275DD54C1D12E960001DB61D /* Main.storyboard in Resources */ = {isa = PBXBuildFile; fileRef = 275DD54A1D12E960001DB61D /* Main.storyboard */; };
		275DD54E1D12E960001DB61D /* Assets.xcassets in Resources */ = {isa = PBXBuildFile; fileRef = 275DD54D1D12E960001DB61D /* Assets.xcassets */; };
		275DD5511D12E960001DB61D /* LaunchScreen.storyboard in Resources */ = {isa = PBXBuildFile; fileRef = 275DD54F1D12E960001DB61D /* LaunchScreen.storyboard */; };
		275DD55C1D12E960001DB61D /* LogByRunTimeTests.m in Sources */ = {isa = PBXBuildFile; fileRef = 275DD55B1D12E960001DB61D /* LogByRunTimeTests.m */; };
		275DD5671D12E960001DB61D /* LogByRunTimeUITests.m in Sources */ = {isa = PBXBuildFile; fileRef = 275DD5661D12E960001DB61D /* LogByRunTimeUITests.m */; };
		275DD5761D1363C1001DB61D /* ZHSwizzleTool.m in Sources */ = {isa = PBXBuildFile; fileRef = 275DD5751D1363C1001DB61D /* ZHSwizzleTool.m */; };
		275DD57B1D1363DF001DB61D /* UIControl+HYSwizzle.m in Sources */ = {isa = PBXBuildFile; fileRef = 275DD5781D1363DF001DB61D /* UIControl+HYSwizzle.m */; };
		275DD57C1D1363DF001DB61D /* UIViewController+HYSwizzle.m in Sources */ = {isa = PBXBuildFile; fileRef = 275DD57A1D1363DF001DB61D /* UIViewController+HYSwizzle.m */; };
		275DD57F1D136415001DB61D /* ZHLogEventDataCenter.m in Sources */ = {isa = PBXBuildFile; fileRef = 275DD57E1D136415001DB61D /* ZHLogEventDataCenter.m */; };
		275DD5811D13651D001DB61D /* HYLogInfoDataCenter.plist in Resources */ = {isa = PBXBuildFile; fileRef = 275DD5801D13651D001DB61D /* HYLogInfoDataCenter.plist */; };
		275DD5841D136C86001DB61D /* Aspects.m in Sources */ = {isa = PBXBuildFile; fileRef = 275DD5831D136C86001DB61D /* Aspects.m */; };
		275DD58B1D13764E001DB61D /* UIButton+Addition.m in Sources */ = {isa = PBXBuildFile; fileRef = 275DD58A1D13764E001DB61D /* UIButton+Addition.m */; };
/* End PBXBuildFile section */

/* Begin PBXContainerItemProxy section */
		275DD5581D12E960001DB61D /* PBXContainerItemProxy */ = {
			isa = PBXContainerItemProxy;
			containerPortal = 275DD5361D12E960001DB61D /* Project object */;
			proxyType = 1;
			remoteGlobalIDString = 275DD53D1D12E960001DB61D;
			remoteInfo = LogByRunTime;
		};
		275DD5631D12E960001DB61D /* PBXContainerItemProxy */ = {
			isa = PBXContainerItemProxy;
			containerPortal = 275DD5361D12E960001DB61D /* Project object */;
			proxyType = 1;
			remoteGlobalIDString = 275DD53D1D12E960001DB61D;
			remoteInfo = LogByRunTime;
		};
/* End PBXContainerItemProxy section */

/* Begin PBXFileReference section */
		270E135F1E66B79C00F4E9D6 /* MMAlertTableView.h */ = {isa = PBXFileReference; fileEncoding = 4; lastKnownFileType = sourcecode.c.h; path = MMAlertTableView.h; sourceTree = "<group>"; };
		270E13601E66B79C00F4E9D6 /* MMAlertTableView.m */ = {isa = PBXFileReference; fileEncoding = 4; lastKnownFileType = sourcecode.c.objc; path = MMAlertTableView.m; sourceTree = "<group>"; };
		270E13611E66B79C00F4E9D6 /* MMAlertView.h */ = {isa = PBXFileReference; fileEncoding = 4; lastKnownFileType = sourcecode.c.h; path = MMAlertView.h; sourceTree = "<group>"; };
		270E13621E66B79C00F4E9D6 /* MMAlertView.m */ = {isa = PBXFileReference; fileEncoding = 4; lastKnownFileType = sourcecode.c.objc; path = MMAlertView.m; sourceTree = "<group>"; };
		270E13631E66B79C00F4E9D6 /* MMPopupCategory.h */ = {isa = PBXFileReference; fileEncoding = 4; lastKnownFileType = sourcecode.c.h; path = MMPopupCategory.h; sourceTree = "<group>"; };
		270E13641E66B79C00F4E9D6 /* MMPopupCategory.m */ = {isa = PBXFileReference; fileEncoding = 4; lastKnownFileType = sourcecode.c.objc; path = MMPopupCategory.m; sourceTree = "<group>"; };
		270E13651E66B79C00F4E9D6 /* MMPopupDefine.h */ = {isa = PBXFileReference; fileEncoding = 4; lastKnownFileType = sourcecode.c.h; path = MMPopupDefine.h; sourceTree = "<group>"; };
		270E13661E66B79C00F4E9D6 /* MMPopupItem.h */ = {isa = PBXFileReference; fileEncoding = 4; lastKnownFileType = sourcecode.c.h; path = MMPopupItem.h; sourceTree = "<group>"; };
		270E13671E66B79C00F4E9D6 /* MMPopupitem.m */ = {isa = PBXFileReference; fileEncoding = 4; lastKnownFileType = sourcecode.c.objc; path = MMPopupitem.m; sourceTree = "<group>"; };
		270E13681E66B79C00F4E9D6 /* MMPopupView.h */ = {isa = PBXFileReference; fileEncoding = 4; lastKnownFileType = sourcecode.c.h; path = MMPopupView.h; sourceTree = "<group>"; };
		270E13691E66B79C00F4E9D6 /* MMPopupView.m */ = {isa = PBXFileReference; fileEncoding = 4; lastKnownFileType = sourcecode.c.objc; path = MMPopupView.m; sourceTree = "<group>"; };
		270E136A1E66B79C00F4E9D6 /* MMPopupWindow.h */ = {isa = PBXFileReference; fileEncoding = 4; lastKnownFileType = sourcecode.c.h; path = MMPopupWindow.h; sourceTree = "<group>"; };
		270E136B1E66B79C00F4E9D6 /* MMPopupWindow.m */ = {isa = PBXFileReference; fileEncoding = 4; lastKnownFileType = sourcecode.c.objc; path = MMPopupWindow.m; sourceTree = "<group>"; };
		270E136C1E66B79C00F4E9D6 /* MMSheetView.h */ = {isa = PBXFileReference; fileEncoding = 4; lastKnownFileType = sourcecode.c.h; path = MMSheetView.h; sourceTree = "<group>"; };
		270E136D1E66B79C00F4E9D6 /* MMSheetView.m */ = {isa = PBXFileReference; fileEncoding = 4; lastKnownFileType = sourcecode.c.objc; path = MMSheetView.m; sourceTree = "<group>"; };
		270E136E1E66B79C00F4E9D6 /* README.md */ = {isa = PBXFileReference; fileEncoding = 4; lastKnownFileType = net.daringfireball.markdown; path = README.md; sourceTree = "<group>"; };
		270E13781E66B92A00F4E9D6 /* MASCompositeConstraint.h */ = {isa = PBXFileReference; fileEncoding = 4; lastKnownFileType = sourcecode.c.h; path = MASCompositeConstraint.h; sourceTree = "<group>"; };
		270E13791E66B92A00F4E9D6 /* MASCompositeConstraint.m */ = {isa = PBXFileReference; fileEncoding = 4; lastKnownFileType = sourcecode.c.objc; path = MASCompositeConstraint.m; sourceTree = "<group>"; };
		270E137A1E66B92A00F4E9D6 /* MASConstraint+Private.h */ = {isa = PBXFileReference; fileEncoding = 4; lastKnownFileType = sourcecode.c.h; path = "MASConstraint+Private.h"; sourceTree = "<group>"; };
		270E137B1E66B92A00F4E9D6 /* MASConstraint.h */ = {isa = PBXFileReference; fileEncoding = 4; lastKnownFileType = sourcecode.c.h; path = MASConstraint.h; sourceTree = "<group>"; };
		270E137C1E66B92A00F4E9D6 /* MASConstraint.m */ = {isa = PBXFileReference; fileEncoding = 4; lastKnownFileType = sourcecode.c.objc; path = MASConstraint.m; sourceTree = "<group>"; };
		270E137D1E66B92A00F4E9D6 /* MASConstraintMaker.h */ = {isa = PBXFileReference; fileEncoding = 4; lastKnownFileType = sourcecode.c.h; path = MASConstraintMaker.h; sourceTree = "<group>"; };
		270E137E1E66B92A00F4E9D6 /* MASConstraintMaker.m */ = {isa = PBXFileReference; fileEncoding = 4; lastKnownFileType = sourcecode.c.objc; path = MASConstraintMaker.m; sourceTree = "<group>"; };
		270E137F1E66B92A00F4E9D6 /* MASLayoutConstraint.h */ = {isa = PBXFileReference; fileEncoding = 4; lastKnownFileType = sourcecode.c.h; path = MASLayoutConstraint.h; sourceTree = "<group>"; };
		270E13801E66B92A00F4E9D6 /* MASLayoutConstraint.m */ = {isa = PBXFileReference; fileEncoding = 4; lastKnownFileType = sourcecode.c.objc; path = MASLayoutConstraint.m; sourceTree = "<group>"; };
		270E13811E66B92A00F4E9D6 /* Masonry.h */ = {isa = PBXFileReference; fileEncoding = 4; lastKnownFileType = sourcecode.c.h; path = Masonry.h; sourceTree = "<group>"; };
		270E13821E66B92A00F4E9D6 /* MASUtilities.h */ = {isa = PBXFileReference; fileEncoding = 4; lastKnownFileType = sourcecode.c.h; path = MASUtilities.h; sourceTree = "<group>"; };
		270E13831E66B92A00F4E9D6 /* MASViewAttribute.h */ = {isa = PBXFileReference; fileEncoding = 4; lastKnownFileType = sourcecode.c.h; path = MASViewAttribute.h; sourceTree = "<group>"; };
		270E13841E66B92A00F4E9D6 /* MASViewAttribute.m */ = {isa = PBXFileReference; fileEncoding = 4; lastKnownFileType = sourcecode.c.objc; path = MASViewAttribute.m; sourceTree = "<group>"; };
		270E13851E66B92A00F4E9D6 /* MASViewConstraint.h */ = {isa = PBXFileReference; fileEncoding = 4; lastKnownFileType = sourcecode.c.h; path = MASViewConstraint.h; sourceTree = "<group>"; };
		270E13861E66B92A00F4E9D6 /* MASViewConstraint.m */ = {isa = PBXFileReference; fileEncoding = 4; lastKnownFileType = sourcecode.c.objc; path = MASViewConstraint.m; sourceTree = "<group>"; };
		270E13871E66B92A00F4E9D6 /* NSArray+MASAdditions.h */ = {isa = PBXFileReference; fileEncoding = 4; lastKnownFileType = sourcecode.c.h; path = "NSArray+MASAdditions.h"; sourceTree = "<group>"; };
		270E13881E66B92A00F4E9D6 /* NSArray+MASAdditions.m */ = {isa = PBXFileReference; fileEncoding = 4; lastKnownFileType = sourcecode.c.objc; path = "NSArray+MASAdditions.m"; sourceTree = "<group>"; };
		270E13891E66B92A00F4E9D6 /* NSArray+MASShorthandAdditions.h */ = {isa = PBXFileReference; fileEncoding = 4; lastKnownFileType = sourcecode.c.h; path = "NSArray+MASShorthandAdditions.h"; sourceTree = "<group>"; };
		270E138A1E66B92A00F4E9D6 /* NSLayoutConstraint+MASDebugAdditions.h */ = {isa = PBXFileReference; fileEncoding = 4; lastKnownFileType = sourcecode.c.h; path = "NSLayoutConstraint+MASDebugAdditions.h"; sourceTree = "<group>"; };
		270E138B1E66B92A00F4E9D6 /* NSLayoutConstraint+MASDebugAdditions.m */ = {isa = PBXFileReference; fileEncoding = 4; lastKnownFileType = sourcecode.c.objc; path = "NSLayoutConstraint+MASDebugAdditions.m"; sourceTree = "<group>"; };
		270E138C1E66B92A00F4E9D6 /* View+MASAdditions.h */ = {isa = PBXFileReference; fileEncoding = 4; lastKnownFileType = sourcecode.c.h; path = "View+MASAdditions.h"; sourceTree = "<group>"; };
		270E138D1E66B92A00F4E9D6 /* View+MASAdditions.m */ = {isa = PBXFileReference; fileEncoding = 4; lastKnownFileType = sourcecode.c.objc; path = "View+MASAdditions.m"; sourceTree = "<group>"; };
		270E138E1E66B92A00F4E9D6 /* View+MASShorthandAdditions.h */ = {isa = PBXFileReference; fileEncoding = 4; lastKnownFileType = sourcecode.c.h; path = "View+MASShorthandAdditions.h"; sourceTree = "<group>"; };
		270E138F1E66B92A00F4E9D6 /* ViewController+MASAdditions.h */ = {isa = PBXFileReference; fileEncoding = 4; lastKnownFileType = sourcecode.c.h; path = "ViewController+MASAdditions.h"; sourceTree = "<group>"; };
		270E13901E66B92A00F4E9D6 /* ViewController+MASAdditions.m */ = {isa = PBXFileReference; fileEncoding = 4; lastKnownFileType = sourcecode.c.objc; path = "ViewController+MASAdditions.m"; sourceTree = "<group>"; };
		270E139E1E690FE900F4E9D6 /* ViewControllerTests.m */ = {isa = PBXFileReference; fileEncoding = 4; lastKnownFileType = sourcecode.c.objc; path = ViewControllerTests.m; sourceTree = "<group>"; };
		275DD53E1D12E960001DB61D /* LogByRunTime.app */ = {isa = PBXFileReference; explicitFileType = wrapper.application; includeInIndex = 0; path = LogByRunTime.app; sourceTree = BUILT_PRODUCTS_DIR; };
		275DD5421D12E960001DB61D /* main.m */ = {isa = PBXFileReference; lastKnownFileType = sourcecode.c.objc; path = main.m; sourceTree = "<group>"; };
		275DD5441D12E960001DB61D /* AppDelegate.h */ = {isa = PBXFileReference; lastKnownFileType = sourcecode.c.h; path = AppDelegate.h; sourceTree = "<group>"; };
		275DD5451D12E960001DB61D /* AppDelegate.m */ = {isa = PBXFileReference; lastKnownFileType = sourcecode.c.objc; path = AppDelegate.m; sourceTree = "<group>"; };
		275DD5471D12E960001DB61D /* ViewController.h */ = {isa = PBXFileReference; lastKnownFileType = sourcecode.c.h; path = ViewController.h; sourceTree = "<group>"; };
		275DD5481D12E960001DB61D /* ViewController.m */ = {isa = PBXFileReference; lastKnownFileType = sourcecode.c.objc; path = ViewController.m; sourceTree = "<group>"; };
		275DD54B1D12E960001DB61D /* Base */ = {isa = PBXFileReference; lastKnownFileType = file.storyboard; name = Base; path = Base.lproj/Main.storyboard; sourceTree = "<group>"; };
		275DD54D1D12E960001DB61D /* Assets.xcassets */ = {isa = PBXFileReference; lastKnownFileType = folder.assetcatalog; path = Assets.xcassets; sourceTree = "<group>"; };
		275DD5501D12E960001DB61D /* Base */ = {isa = PBXFileReference; lastKnownFileType = file.storyboard; name = Base; path = Base.lproj/LaunchScreen.storyboard; sourceTree = "<group>"; };
		275DD5521D12E960001DB61D /* Info.plist */ = {isa = PBXFileReference; lastKnownFileType = text.plist.xml; path = Info.plist; sourceTree = "<group>"; };
		275DD5571D12E960001DB61D /* LogByRunTimeTests.xctest */ = {isa = PBXFileReference; explicitFileType = wrapper.cfbundle; includeInIndex = 0; path = LogByRunTimeTests.xctest; sourceTree = BUILT_PRODUCTS_DIR; };
		275DD55B1D12E960001DB61D /* LogByRunTimeTests.m */ = {isa = PBXFileReference; lastKnownFileType = sourcecode.c.objc; path = LogByRunTimeTests.m; sourceTree = "<group>"; };
		275DD55D1D12E960001DB61D /* Info.plist */ = {isa = PBXFileReference; lastKnownFileType = text.plist.xml; path = Info.plist; sourceTree = "<group>"; };
		275DD5621D12E960001DB61D /* LogByRunTimeUITests.xctest */ = {isa = PBXFileReference; explicitFileType = wrapper.cfbundle; includeInIndex = 0; path = LogByRunTimeUITests.xctest; sourceTree = BUILT_PRODUCTS_DIR; };
		275DD5661D12E960001DB61D /* LogByRunTimeUITests.m */ = {isa = PBXFileReference; lastKnownFileType = sourcecode.c.objc; path = LogByRunTimeUITests.m; sourceTree = "<group>"; };
		275DD5681D12E960001DB61D /* Info.plist */ = {isa = PBXFileReference; lastKnownFileType = text.plist.xml; path = Info.plist; sourceTree = "<group>"; };
		275DD5741D1363C1001DB61D /* ZHSwizzleTool.h */ = {isa = PBXFileReference; fileEncoding = 4; lastKnownFileType = sourcecode.c.h; path = ZHSwizzleTool.h; sourceTree = "<group>"; };
		275DD5751D1363C1001DB61D /* ZHSwizzleTool.m */ = {isa = PBXFileReference; fileEncoding = 4; lastKnownFileType = sourcecode.c.objc; path = ZHSwizzleTool.m; sourceTree = "<group>"; };
		275DD5771D1363DF001DB61D /* UIControl+HYSwizzle.h */ = {isa = PBXFileReference; fileEncoding = 4; lastKnownFileType = sourcecode.c.h; path = "UIControl+HYSwizzle.h"; sourceTree = "<group>"; };
		275DD5781D1363DF001DB61D /* UIControl+HYSwizzle.m */ = {isa = PBXFileReference; fileEncoding = 4; lastKnownFileType = sourcecode.c.objc; path = "UIControl+HYSwizzle.m"; sourceTree = "<group>"; };
		275DD5791D1363DF001DB61D /* UIViewController+HYSwizzle.h */ = {isa = PBXFileReference; fileEncoding = 4; lastKnownFileType = sourcecode.c.h; path = "UIViewController+HYSwizzle.h"; sourceTree = "<group>"; };
		275DD57A1D1363DF001DB61D /* UIViewController+HYSwizzle.m */ = {isa = PBXFileReference; fileEncoding = 4; lastKnownFileType = sourcecode.c.objc; path = "UIViewController+HYSwizzle.m"; sourceTree = "<group>"; };
		275DD57D1D136415001DB61D /* ZHLogEventDataCenter.h */ = {isa = PBXFileReference; fileEncoding = 4; lastKnownFileType = sourcecode.c.h; path = ZHLogEventDataCenter.h; sourceTree = "<group>"; };
		275DD57E1D136415001DB61D /* ZHLogEventDataCenter.m */ = {isa = PBXFileReference; fileEncoding = 4; lastKnownFileType = sourcecode.c.objc; path = ZHLogEventDataCenter.m; sourceTree = "<group>"; };
		275DD5801D13651D001DB61D /* HYLogInfoDataCenter.plist */ = {isa = PBXFileReference; fileEncoding = 4; lastKnownFileType = text.plist.xml; path = HYLogInfoDataCenter.plist; sourceTree = "<group>"; };
		275DD5821D136C86001DB61D /* Aspects.h */ = {isa = PBXFileReference; fileEncoding = 4; lastKnownFileType = sourcecode.c.h; path = Aspects.h; sourceTree = "<group>"; };
		275DD5831D136C86001DB61D /* Aspects.m */ = {isa = PBXFileReference; fileEncoding = 4; lastKnownFileType = sourcecode.c.objc; path = Aspects.m; sourceTree = "<group>"; };
		275DD5891D13764E001DB61D /* UIButton+Addition.h */ = {isa = PBXFileReference; fileEncoding = 4; lastKnownFileType = sourcecode.c.h; path = "UIButton+Addition.h"; sourceTree = "<group>"; };
		275DD58A1D13764E001DB61D /* UIButton+Addition.m */ = {isa = PBXFileReference; fileEncoding = 4; lastKnownFileType = sourcecode.c.objc; path = "UIButton+Addition.m"; sourceTree = "<group>"; };
/* End PBXFileReference section */

/* Begin PBXFrameworksBuildPhase section */
		275DD53B1D12E960001DB61D /* Frameworks */ = {
			isa = PBXFrameworksBuildPhase;
			buildActionMask = 2147483647;
			files = (
			);
			runOnlyForDeploymentPostprocessing = 0;
		};
		275DD5541D12E960001DB61D /* Frameworks */ = {
			isa = PBXFrameworksBuildPhase;
			buildActionMask = 2147483647;
			files = (
			);
			runOnlyForDeploymentPostprocessing = 0;
		};
		275DD55F1D12E960001DB61D /* Frameworks */ = {
			isa = PBXFrameworksBuildPhase;
			buildActionMask = 2147483647;
			files = (
			);
			runOnlyForDeploymentPostprocessing = 0;
		};
/* End PBXFrameworksBuildPhase section */

/* Begin PBXGroup section */
		270E135E1E66B79C00F4E9D6 /* HYPOPView */ = {
			isa = PBXGroup;
			children = (
				270E135F1E66B79C00F4E9D6 /* MMAlertTableView.h */,
				270E13601E66B79C00F4E9D6 /* MMAlertTableView.m */,
				270E13611E66B79C00F4E9D6 /* MMAlertView.h */,
				270E13621E66B79C00F4E9D6 /* MMAlertView.m */,
				270E13631E66B79C00F4E9D6 /* MMPopupCategory.h */,
				270E13641E66B79C00F4E9D6 /* MMPopupCategory.m */,
				270E13651E66B79C00F4E9D6 /* MMPopupDefine.h */,
				270E13661E66B79C00F4E9D6 /* MMPopupItem.h */,
				270E13671E66B79C00F4E9D6 /* MMPopupitem.m */,
				270E13681E66B79C00F4E9D6 /* MMPopupView.h */,
				270E13691E66B79C00F4E9D6 /* MMPopupView.m */,
				270E136A1E66B79C00F4E9D6 /* MMPopupWindow.h */,
				270E136B1E66B79C00F4E9D6 /* MMPopupWindow.m */,
				270E136C1E66B79C00F4E9D6 /* MMSheetView.h */,
				270E136D1E66B79C00F4E9D6 /* MMSheetView.m */,
				270E136E1E66B79C00F4E9D6 /* README.md */,
			);
			path = HYPOPView;
			sourceTree = "<group>";
		};
		270E13771E66B92A00F4E9D6 /* Masonry */ = {
			isa = PBXGroup;
			children = (
				270E13781E66B92A00F4E9D6 /* MASCompositeConstraint.h */,
				270E13791E66B92A00F4E9D6 /* MASCompositeConstraint.m */,
				270E137A1E66B92A00F4E9D6 /* MASConstraint+Private.h */,
				270E137B1E66B92A00F4E9D6 /* MASConstraint.h */,
				270E137C1E66B92A00F4E9D6 /* MASConstraint.m */,
				270E137D1E66B92A00F4E9D6 /* MASConstraintMaker.h */,
				270E137E1E66B92A00F4E9D6 /* MASConstraintMaker.m */,
				270E137F1E66B92A00F4E9D6 /* MASLayoutConstraint.h */,
				270E13801E66B92A00F4E9D6 /* MASLayoutConstraint.m */,
				270E13811E66B92A00F4E9D6 /* Masonry.h */,
				270E13821E66B92A00F4E9D6 /* MASUtilities.h */,
				270E13831E66B92A00F4E9D6 /* MASViewAttribute.h */,
				270E13841E66B92A00F4E9D6 /* MASViewAttribute.m */,
				270E13851E66B92A00F4E9D6 /* MASViewConstraint.h */,
				270E13861E66B92A00F4E9D6 /* MASViewConstraint.m */,
				270E13871E66B92A00F4E9D6 /* NSArray+MASAdditions.h */,
				270E13881E66B92A00F4E9D6 /* NSArray+MASAdditions.m */,
				270E13891E66B92A00F4E9D6 /* NSArray+MASShorthandAdditions.h */,
				270E138A1E66B92A00F4E9D6 /* NSLayoutConstraint+MASDebugAdditions.h */,
				270E138B1E66B92A00F4E9D6 /* NSLayoutConstraint+MASDebugAdditions.m */,
				270E138C1E66B92A00F4E9D6 /* View+MASAdditions.h */,
				270E138D1E66B92A00F4E9D6 /* View+MASAdditions.m */,
				270E138E1E66B92A00F4E9D6 /* View+MASShorthandAdditions.h */,
				270E138F1E66B92A00F4E9D6 /* ViewController+MASAdditions.h */,
				270E13901E66B92A00F4E9D6 /* ViewController+MASAdditions.m */,
			);
			path = Masonry;
			sourceTree = "<group>";
		};
		275DD5351D12E960001DB61D = {
			isa = PBXGroup;
			children = (
				275DD5401D12E960001DB61D /* LogByRunTime */,
				275DD55A1D12E960001DB61D /* LogByRunTimeTests */,
				275DD5651D12E960001DB61D /* LogByRunTimeUITests */,
				275DD53F1D12E960001DB61D /* Products */,
			);
			sourceTree = "<group>";
		};
		275DD53F1D12E960001DB61D /* Products */ = {
			isa = PBXGroup;
			children = (
				275DD53E1D12E960001DB61D /* LogByRunTime.app */,
				275DD5571D12E960001DB61D /* LogByRunTimeTests.xctest */,
				275DD5621D12E960001DB61D /* LogByRunTimeUITests.xctest */,
			);
			name = Products;
			sourceTree = "<group>";
		};
		275DD5401D12E960001DB61D /* LogByRunTime */ = {
			isa = PBXGroup;
			children = (
				270E13771E66B92A00F4E9D6 /* Masonry */,
				270E135E1E66B79C00F4E9D6 /* HYPOPView */,
				275DD5881D136DC7001DB61D /* Tools */,
				275DD5871D136D88001DB61D /* Others */,
				275DD5861D136D64001DB61D /* Addition */,
				275DD57D1D136415001DB61D /* ZHLogEventDataCenter.h */,
				275DD57E1D136415001DB61D /* ZHLogEventDataCenter.m */,
				275DD5471D12E960001DB61D /* ViewController.h */,
				275DD5481D12E960001DB61D /* ViewController.m */,
				275DD54A1D12E960001DB61D /* Main.storyboard */,
				275DD5801D13651D001DB61D /* HYLogInfoDataCenter.plist */,
				275DD5411D12E960001DB61D /* Supporting Files */,
			);
			path = LogByRunTime;
			sourceTree = "<group>";
		};
		275DD5411D12E960001DB61D /* Supporting Files */ = {
			isa = PBXGroup;
			children = (
				275DD5421D12E960001DB61D /* main.m */,
			);
			name = "Supporting Files";
			sourceTree = "<group>";
		};
		275DD55A1D12E960001DB61D /* LogByRunTimeTests */ = {
			isa = PBXGroup;
			children = (
				275DD55B1D12E960001DB61D /* LogByRunTimeTests.m */,
				270E139E1E690FE900F4E9D6 /* ViewControllerTests.m */,
				275DD55D1D12E960001DB61D /* Info.plist */,
			);
			path = LogByRunTimeTests;
			sourceTree = "<group>";
		};
		275DD5651D12E960001DB61D /* LogByRunTimeUITests */ = {
			isa = PBXGroup;
			children = (
				275DD5661D12E960001DB61D /* LogByRunTimeUITests.m */,
				275DD5681D12E960001DB61D /* Info.plist */,
			);
			path = LogByRunTimeUITests;
			sourceTree = "<group>";
		};
		275DD5861D136D64001DB61D /* Addition */ = {
			isa = PBXGroup;
			children = (
				275DD5771D1363DF001DB61D /* UIControl+HYSwizzle.h */,
				275DD5781D1363DF001DB61D /* UIControl+HYSwizzle.m */,
				275DD5791D1363DF001DB61D /* UIViewController+HYSwizzle.h */,
				275DD57A1D1363DF001DB61D /* UIViewController+HYSwizzle.m */,
				275DD5891D13764E001DB61D /* UIButton+Addition.h */,
				275DD58A1D13764E001DB61D /* UIButton+Addition.m */,
			);
			name = Addition;
			sourceTree = "<group>";
		};
		275DD5871D136D88001DB61D /* Others */ = {
			isa = PBXGroup;
			children = (
				275DD5441D12E960001DB61D /* AppDelegate.h */,
				275DD5451D12E960001DB61D /* AppDelegate.m */,
				275DD54D1D12E960001DB61D /* Assets.xcassets */,
				275DD5521D12E960001DB61D /* Info.plist */,
				275DD54F1D12E960001DB61D /* LaunchScreen.storyboard */,
			);
			name = Others;
			sourceTree = "<group>";
		};
		275DD5881D136DC7001DB61D /* Tools */ = {
			isa = PBXGroup;
			children = (
				275DD5821D136C86001DB61D /* Aspects.h */,
				275DD5831D136C86001DB61D /* Aspects.m */,
				275DD5741D1363C1001DB61D /* ZHSwizzleTool.h */,
				275DD5751D1363C1001DB61D /* ZHSwizzleTool.m */,
			);
			name = Tools;
			sourceTree = "<group>";
		};
/* End PBXGroup section */

/* Begin PBXNativeTarget section */
		275DD53D1D12E960001DB61D /* LogByRunTime */ = {
			isa = PBXNativeTarget;
			buildConfigurationList = 275DD56B1D12E960001DB61D /* Build configuration list for PBXNativeTarget "LogByRunTime" */;
			buildPhases = (
				275DD53A1D12E960001DB61D /* Sources */,
				275DD53B1D12E960001DB61D /* Frameworks */,
				275DD53C1D12E960001DB61D /* Resources */,
			);
			buildRules = (
			);
			dependencies = (
			);
			name = LogByRunTime;
			productName = LogByRunTime;
			productReference = 275DD53E1D12E960001DB61D /* LogByRunTime.app */;
			productType = "com.apple.product-type.application";
		};
		275DD5561D12E960001DB61D /* LogByRunTimeTests */ = {
			isa = PBXNativeTarget;
			buildConfigurationList = 275DD56E1D12E960001DB61D /* Build configuration list for PBXNativeTarget "LogByRunTimeTests" */;
			buildPhases = (
				275DD5531D12E960001DB61D /* Sources */,
				275DD5541D12E960001DB61D /* Frameworks */,
				275DD5551D12E960001DB61D /* Resources */,
			);
			buildRules = (
			);
			dependencies = (
				275DD5591D12E960001DB61D /* PBXTargetDependency */,
			);
			name = LogByRunTimeTests;
			productName = LogByRunTimeTests;
			productReference = 275DD5571D12E960001DB61D /* LogByRunTimeTests.xctest */;
			productType = "com.apple.product-type.bundle.unit-test";
		};
		275DD5611D12E960001DB61D /* LogByRunTimeUITests */ = {
			isa = PBXNativeTarget;
			buildConfigurationList = 275DD5711D12E960001DB61D /* Build configuration list for PBXNativeTarget "LogByRunTimeUITests" */;
			buildPhases = (
				275DD55E1D12E960001DB61D /* Sources */,
				275DD55F1D12E960001DB61D /* Frameworks */,
				275DD5601D12E960001DB61D /* Resources */,
			);
			buildRules = (
			);
			dependencies = (
				275DD5641D12E960001DB61D /* PBXTargetDependency */,
			);
			name = LogByRunTimeUITests;
			productName = LogByRunTimeUITests;
			productReference = 275DD5621D12E960001DB61D /* LogByRunTimeUITests.xctest */;
			productType = "com.apple.product-type.bundle.ui-testing";
		};
/* End PBXNativeTarget section */

/* Begin PBXProject section */
		275DD5361D12E960001DB61D /* Project object */ = {
			isa = PBXProject;
			attributes = {
				LastUpgradeCheck = 0720;
				ORGANIZATIONNAME = Mike;
				TargetAttributes = {
					275DD53D1D12E960001DB61D = {
						CreatedOnToolsVersion = 7.2;
					};
					275DD5561D12E960001DB61D = {
						CreatedOnToolsVersion = 7.2;
						TestTargetID = 275DD53D1D12E960001DB61D;
					};
					275DD5611D12E960001DB61D = {
						CreatedOnToolsVersion = 7.2;
						TestTargetID = 275DD53D1D12E960001DB61D;
					};
				};
			};
			buildConfigurationList = 275DD5391D12E960001DB61D /* Build configuration list for PBXProject "LogByRunTime" */;
			compatibilityVersion = "Xcode 3.2";
			developmentRegion = English;
			hasScannedForEncodings = 0;
			knownRegions = (
				en,
				Base,
			);
			mainGroup = 275DD5351D12E960001DB61D;
			productRefGroup = 275DD53F1D12E960001DB61D /* Products */;
			projectDirPath = "";
			projectRoot = "";
			targets = (
				275DD53D1D12E960001DB61D /* LogByRunTime */,
				275DD5561D12E960001DB61D /* LogByRunTimeTests */,
				275DD5611D12E960001DB61D /* LogByRunTimeUITests */,
			);
		};
/* End PBXProject section */

/* Begin PBXResourcesBuildPhase section */
		275DD53C1D12E960001DB61D /* Resources */ = {
			isa = PBXResourcesBuildPhase;
			buildActionMask = 2147483647;
			files = (
				275DD5511D12E960001DB61D /* LaunchScreen.storyboard in Resources */,
				275DD5811D13651D001DB61D /* HYLogInfoDataCenter.plist in Resources */,
				275DD54E1D12E960001DB61D /* Assets.xcassets in Resources */,
				275DD54C1D12E960001DB61D /* Main.storyboard in Resources */,
			);
			runOnlyForDeploymentPostprocessing = 0;
		};
		275DD5551D12E960001DB61D /* Resources */ = {
			isa = PBXResourcesBuildPhase;
			buildActionMask = 2147483647;
			files = (
			);
			runOnlyForDeploymentPostprocessing = 0;
		};
		275DD5601D12E960001DB61D /* Resources */ = {
			isa = PBXResourcesBuildPhase;
			buildActionMask = 2147483647;
			files = (
			);
			runOnlyForDeploymentPostprocessing = 0;
		};
/* End PBXResourcesBuildPhase section */

/* Begin PBXSourcesBuildPhase section */
		275DD53A1D12E960001DB61D /* Sources */ = {
			isa = PBXSourcesBuildPhase;
			buildActionMask = 2147483647;
			files = (
				270E13921E66B92A00F4E9D6 /* MASConstraint.m in Sources */,
				270E13951E66B92A00F4E9D6 /* MASViewAttribute.m in Sources */,
				270E13931E66B92A00F4E9D6 /* MASConstraintMaker.m in Sources */,
				275DD5491D12E960001DB61D /* ViewController.m in Sources */,
				270E13701E66B79C00F4E9D6 /* MMAlertView.m in Sources */,
				270E13741E66B79C00F4E9D6 /* MMPopupWindow.m in Sources */,
				270E13721E66B79C00F4E9D6 /* MMPopupitem.m in Sources */,
				270E13961E66B92A00F4E9D6 /* MASViewConstraint.m in Sources */,
				270E13991E66B92A00F4E9D6 /* View+MASAdditions.m in Sources */,
				270E13911E66B92A00F4E9D6 /* MASCompositeConstraint.m in Sources */,
				275DD5461D12E960001DB61D /* AppDelegate.m in Sources */,
				275DD58B1D13764E001DB61D /* UIButton+Addition.m in Sources */,
				270E13751E66B79C00F4E9D6 /* MMSheetView.m in Sources */,
				270E13941E66B92A00F4E9D6 /* MASLayoutConstraint.m in Sources */,
				270E13711E66B79C00F4E9D6 /* MMPopupCategory.m in Sources */,
				275DD57C1D1363DF001DB61D /* UIViewController+HYSwizzle.m in Sources */,
				275DD57F1D136415001DB61D /* ZHLogEventDataCenter.m in Sources */,
				275DD57B1D1363DF001DB61D /* UIControl+HYSwizzle.m in Sources */,
				270E13761E66B79C00F4E9D6 /* README.md in Sources */,
				270E13981E66B92A00F4E9D6 /* NSLayoutConstraint+MASDebugAdditions.m in Sources */,
				275DD5761D1363C1001DB61D /* ZHSwizzleTool.m in Sources */,
				275DD5431D12E960001DB61D /* main.m in Sources */,
				270E13971E66B92A00F4E9D6 /* NSArray+MASAdditions.m in Sources */,
				270E139A1E66B92A00F4E9D6 /* ViewController+MASAdditions.m in Sources */,
				270E13731E66B79C00F4E9D6 /* MMPopupView.m in Sources */,
				270E136F1E66B79C00F4E9D6 /* MMAlertTableView.m in Sources */,
				275DD5841D136C86001DB61D /* Aspects.m in Sources */,
			);
			runOnlyForDeploymentPostprocessing = 0;
		};
		275DD5531D12E960001DB61D /* Sources */ = {
			isa = PBXSourcesBuildPhase;
			buildActionMask = 2147483647;
			files = (
				270E139F1E690FE900F4E9D6 /* ViewControllerTests.m in Sources */,
				275DD55C1D12E960001DB61D /* LogByRunTimeTests.m in Sources */,
			);
			runOnlyForDeploymentPostprocessing = 0;
		};
		275DD55E1D12E960001DB61D /* Sources */ = {
			isa = PBXSourcesBuildPhase;
			buildActionMask = 2147483647;
			files = (
				275DD5671D12E960001DB61D /* LogByRunTimeUITests.m in Sources */,
			);
			runOnlyForDeploymentPostprocessing = 0;
		};
/* End PBXSourcesBuildPhase section */

/* Begin PBXTargetDependency section */
		275DD5591D12E960001DB61D /* PBXTargetDependency */ = {
			isa = PBXTargetDependency;
			target = 275DD53D1D12E960001DB61D /* LogByRunTime */;
			targetProxy = 275DD5581D12E960001DB61D /* PBXContainerItemProxy */;
		};
		275DD5641D12E960001DB61D /* PBXTargetDependency */ = {
			isa = PBXTargetDependency;
			target = 275DD53D1D12E960001DB61D /* LogByRunTime */;
			targetProxy = 275DD5631D12E960001DB61D /* PBXContainerItemProxy */;
		};
/* End PBXTargetDependency section */

/* Begin PBXVariantGroup section */
		275DD54A1D12E960001DB61D /* Main.storyboard */ = {
			isa = PBXVariantGroup;
			children = (
				275DD54B1D12E960001DB61D /* Base */,
			);
			name = Main.storyboard;
			sourceTree = "<group>";
		};
		275DD54F1D12E960001DB61D /* LaunchScreen.storyboard */ = {
			isa = PBXVariantGroup;
			children = (
				275DD5501D12E960001DB61D /* Base */,
			);
			name = LaunchScreen.storyboard;
			sourceTree = "<group>";
		};
/* End PBXVariantGroup section */

/* Begin XCBuildConfiguration section */
		275DD5691D12E960001DB61D /* Debug */ = {
			isa = XCBuildConfiguration;
			buildSettings = {
				ALWAYS_SEARCH_USER_PATHS = NO;
				CLANG_CXX_LANGUAGE_STANDARD = "gnu++0x";
				CLANG_CXX_LIBRARY = "libc++";
				CLANG_ENABLE_MODULES = YES;
				CLANG_ENABLE_OBJC_ARC = YES;
				CLANG_WARN_BOOL_CONVERSION = YES;
				CLANG_WARN_CONSTANT_CONVERSION = YES;
				CLANG_WARN_DIRECT_OBJC_ISA_USAGE = YES_ERROR;
				CLANG_WARN_EMPTY_BODY = YES;
				CLANG_WARN_ENUM_CONVERSION = YES;
				CLANG_WARN_INT_CONVERSION = YES;
				CLANG_WARN_OBJC_ROOT_CLASS = YES_ERROR;
				CLANG_WARN_UNREACHABLE_CODE = YES;
				CLANG_WARN__DUPLICATE_METHOD_MATCH = YES;
				"CODE_SIGN_IDENTITY[sdk=iphoneos*]" = "iPhone Developer";
				COPY_PHASE_STRIP = NO;
				DEBUG_INFORMATION_FORMAT = dwarf;
				ENABLE_STRICT_OBJC_MSGSEND = YES;
				ENABLE_TESTABILITY = YES;
				GCC_C_LANGUAGE_STANDARD = gnu99;
				GCC_DYNAMIC_NO_PIC = NO;
				GCC_NO_COMMON_BLOCKS = YES;
				GCC_OPTIMIZATION_LEVEL = 0;
				GCC_PREPROCESSOR_DEFINITIONS = (
					"DEBUG=1",
					"$(inherited)",
				);
				GCC_WARN_64_TO_32_BIT_CONVERSION = YES;
				GCC_WARN_ABOUT_RETURN_TYPE = YES_ERROR;
				GCC_WARN_UNDECLARED_SELECTOR = YES;
				GCC_WARN_UNINITIALIZED_AUTOS = YES_AGGRESSIVE;
				GCC_WARN_UNUSED_FUNCTION = YES;
				GCC_WARN_UNUSED_VARIABLE = YES;
				IPHONEOS_DEPLOYMENT_TARGET = 9.2;
				MTL_ENABLE_DEBUG_INFO = YES;
				ONLY_ACTIVE_ARCH = YES;
				SDKROOT = iphoneos;
				TARGETED_DEVICE_FAMILY = "1,2";
			};
			name = Debug;
		};
		275DD56A1D12E960001DB61D /* Release */ = {
			isa = XCBuildConfiguration;
			buildSettings = {
				ALWAYS_SEARCH_USER_PATHS = NO;
				CLANG_CXX_LANGUAGE_STANDARD = "gnu++0x";
				CLANG_CXX_LIBRARY = "libc++";
				CLANG_ENABLE_MODULES = YES;
				CLANG_ENABLE_OBJC_ARC = YES;
				CLANG_WARN_BOOL_CONVERSION = YES;
				CLANG_WARN_CONSTANT_CONVERSION = YES;
				CLANG_WARN_DIRECT_OBJC_ISA_USAGE = YES_ERROR;
				CLANG_WARN_EMPTY_BODY = YES;
				CLANG_WARN_ENUM_CONVERSION = YES;
				CLANG_WARN_INT_CONVERSION = YES;
				CLANG_WARN_OBJC_ROOT_CLASS = YES_ERROR;
				CLANG_WARN_UNREACHABLE_CODE = YES;
				CLANG_WARN__DUPLICATE_METHOD_MATCH = YES;
				"CODE_SIGN_IDENTITY[sdk=iphoneos*]" = "iPhone Developer";
				COPY_PHASE_STRIP = NO;
				DEBUG_INFORMATION_FORMAT = "dwarf-with-dsym";
				ENABLE_NS_ASSERTIONS = NO;
				ENABLE_STRICT_OBJC_MSGSEND = YES;
				GCC_C_LANGUAGE_STANDARD = gnu99;
				GCC_NO_COMMON_BLOCKS = YES;
				GCC_WARN_64_TO_32_BIT_CONVERSION = YES;
				GCC_WARN_ABOUT_RETURN_TYPE = YES_ERROR;
				GCC_WARN_UNDECLARED_SELECTOR = YES;
				GCC_WARN_UNINITIALIZED_AUTOS = YES_AGGRESSIVE;
				GCC_WARN_UNUSED_FUNCTION = YES;
				GCC_WARN_UNUSED_VARIABLE = YES;
				IPHONEOS_DEPLOYMENT_TARGET = 9.2;
				MTL_ENABLE_DEBUG_INFO = NO;
				SDKROOT = iphoneos;
				TARGETED_DEVICE_FAMILY = "1,2";
				VALIDATE_PRODUCT = YES;
			};
			name = Release;
		};
		275DD56C1D12E960001DB61D /* Debug */ = {
			isa = XCBuildConfiguration;
			buildSettings = {
				ASSETCATALOG_COMPILER_APPICON_NAME = AppIcon;
				INFOPLIST_FILE = LogByRunTime/Info.plist;
				LD_RUNPATH_SEARCH_PATHS = "$(inherited) @executable_path/Frameworks";
				PRODUCT_BUNDLE_IDENTIFIER = mikeFighting.com.LogByRunTime;
				PRODUCT_NAME = "$(TARGET_NAME)";
			};
			name = Debug;
		};
		275DD56D1D12E960001DB61D /* Release */ = {
			isa = XCBuildConfiguration;
			buildSettings = {
				ASSETCATALOG_COMPILER_APPICON_NAME = AppIcon;
				INFOPLIST_FILE = LogByRunTime/Info.plist;
				LD_RUNPATH_SEARCH_PATHS = "$(inherited) @executable_path/Frameworks";
				PRODUCT_BUNDLE_IDENTIFIER = mikeFighting.com.LogByRunTime;
				PRODUCT_NAME = "$(TARGET_NAME)";
			};
			name = Release;
		};
		275DD56F1D12E960001DB61D /* Debug */ = {
			isa = XCBuildConfiguration;
			buildSettings = {
				BUNDLE_LOADER = "$(TEST_HOST)";
				INFOPLIST_FILE = LogByRunTimeTests/Info.plist;
				LD_RUNPATH_SEARCH_PATHS = "$(inherited) @executable_path/Frameworks @loader_path/Frameworks";
				PRODUCT_BUNDLE_IDENTIFIER = mikeFighting.com.LogByRunTimeTests;
				PRODUCT_NAME = "$(TARGET_NAME)";
				TEST_HOST = "$(BUILT_PRODUCTS_DIR)/LogByRunTime.app/LogByRunTime";
			};
			name = Debug;
		};
		275DD5701D12E960001DB61D /* Release */ = {
			isa = XCBuildConfiguration;
			buildSettings = {
				BUNDLE_LOADER = "$(TEST_HOST)";
				INFOPLIST_FILE = LogByRunTimeTests/Info.plist;
				LD_RUNPATH_SEARCH_PATHS = "$(inherited) @executable_path/Frameworks @loader_path/Frameworks";
				PRODUCT_BUNDLE_IDENTIFIER = mikeFighting.com.LogByRunTimeTests;
				PRODUCT_NAME = "$(TARGET_NAME)";
				TEST_HOST = "$(BUILT_PRODUCTS_DIR)/LogByRunTime.app/LogByRunTime";
			};
			name = Release;
		};
		275DD5721D12E960001DB61D /* Debug */ = {
			isa = XCBuildConfiguration;
			buildSettings = {
				INFOPLIST_FILE = LogByRunTimeUITests/Info.plist;
				LD_RUNPATH_SEARCH_PATHS = "$(inherited) @executable_path/Frameworks @loader_path/Frameworks";
				PRODUCT_BUNDLE_IDENTIFIER = mikeFighting.com.LogByRunTimeUITests;
				PRODUCT_NAME = "$(TARGET_NAME)";
				TEST_TARGET_NAME = LogByRunTime;
				USES_XCTRUNNER = YES;
			};
			name = Debug;
		};
		275DD5731D12E960001DB61D /* Release */ = {
			isa = XCBuildConfiguration;
			buildSettings = {
				INFOPLIST_FILE = LogByRunTimeUITests/Info.plist;
				LD_RUNPATH_SEARCH_PATHS = "$(inherited) @executable_path/Frameworks @loader_path/Frameworks";
				PRODUCT_BUNDLE_IDENTIFIER = mikeFighting.com.LogByRunTimeUITests;
				PRODUCT_NAME = "$(TARGET_NAME)";
				TEST_TARGET_NAME = LogByRunTime;
				USES_XCTRUNNER = YES;
			};
			name = Release;
		};
/* End XCBuildConfiguration section */

/* Begin XCConfigurationList section */
		275DD5391D12E960001DB61D /* Build configuration list for PBXProject "LogByRunTime" */ = {
			isa = XCConfigurationList;
			buildConfigurations = (
				275DD5691D12E960001DB61D /* Debug */,
				275DD56A1D12E960001DB61D /* Release */,
			);
			defaultConfigurationIsVisible = 0;
			defaultConfigurationName = Release;
		};
		275DD56B1D12E960001DB61D /* Build configuration list for PBXNativeTarget "LogByRunTime" */ = {
			isa = XCConfigurationList;
			buildConfigurations = (
				275DD56C1D12E960001DB61D /* Debug */,
				275DD56D1D12E960001DB61D /* Release */,
			);
			defaultConfigurationIsVisible = 0;
			defaultConfigurationName = Release;
		};
		275DD56E1D12E960001DB61D /* Build configuration list for PBXNativeTarget "LogByRunTimeTests" */ = {
			isa = XCConfigurationList;
			buildConfigurations = (
				275DD56F1D12E960001DB61D /* Debug */,
				275DD5701D12E960001DB61D /* Release */,
			);
			defaultConfigurationIsVisible = 0;
			defaultConfigurationName = Release;
		};
		275DD5711D12E960001DB61D /* Build configuration list for PBXNativeTarget "LogByRunTimeUITests" */ = {
			isa = XCConfigurationList;
			buildConfigurations = (
				275DD5721D12E960001DB61D /* Debug */,
				275DD5731D12E960001DB61D /* Release */,
			);
			defaultConfigurationIsVisible = 0;
			defaultConfigurationName = Release;
		};
/* End XCConfigurationList section */
	};
	rootObject = 275DD5361D12E960001DB61D /* Project object */;
}
